
Microsoft Visual Studio Solution File, Format Version 12.00
# Visual Studio 15
VisualStudioVersion = 15.0.26124.0
MinimumVisualStudioVersion = 15.0.26124.0
Project("{FAE04EC0-301F-11D3-BF4B-00C04F79EFBC}") = "Api", "Api\Api.csproj", "{82A47DA4-F023-4188-9853-8BFE041509E2}"
EndProject
Project("{FAE04EC0-301F-11D3-BF4B-00C04F79EFBC}") = "ServiceA", "ServiceA\ServiceA.csproj", "{A86901A0-6AAA-4E41-8736-D29C4B24925C}"
EndProject
Project("{FAE04EC0-301F-11D3-BF4B-00C04F79EFBC}") = "ServiceB", "ServiceB\ServiceB.csproj", "{867EAD59-F3ED-4EA3-ABAB-4E9982B6D3F6}"
EndProject
Project("{FAE04EC0-301F-11D3-BF4B-00C04F79EFBC}") = "DShop.Common", "DShop.Common\DShop.Common.csproj", "{B09C60D5-0555-4119-AA9F-D73BF1789438}"
EndProject
Global
	GlobalSection(SolutionConfigurationPlatforms) = preSolution
		Debug|Any CPU = Debug|Any CPU
		Debug|x64 = Debug|x64
		Debug|x86 = Debug|x86
		Release|Any CPU = Release|Any CPU
		Release|x64 = Release|x64
		Release|x86 = Release|x86
	EndGlobalSection
	GlobalSection(SolutionProperties) = preSolution
		HideSolutionNode = FALSE
	EndGlobalSection
	GlobalSection(ProjectConfigurationPlatforms) = postSolution
		{82A47DA4-F023-4188-9853-8BFE041509E2}.Debug|Any CPU.ActiveCfg = Debug|Any CPU
		{82A47DA4-F023-4188-9853-8BFE041509E2}.Debug|Any CPU.Build.0 = Debug|Any CPU
		{82A47DA4-F023-4188-9853-8BFE041509E2}.Debug|x64.ActiveCfg = Debug|Any CPU
		{82A47DA4-F023-4188-9853-8BFE041509E2}.Debug|x64.Build.0 = Debug|Any CPU
		{82A47DA4-F023-4188-9853-8BFE041509E2}.Debug|x86.ActiveCfg = Debug|Any CPU
		{82A47DA4-F023-4188-9853-8BFE041509E2}.Debug|x86.Build.0 = Debug|Any CPU
		{82A47DA4-F023-4188-9853-8BFE041509E2}.Release|Any CPU.ActiveCfg = Release|Any CPU
		{82A47DA4-F023-4188-9853-8BFE041509E2}.Release|Any CPU.Build.0 = Release|Any CPU
		{82A47DA4-F023-4188-9853-8BFE041509E2}.Release|x64.ActiveCfg = Release|Any CPU
		{82A47DA4-F023-4188-9853-8BFE041509E2}.Release|x64.Build.0 = Release|Any CPU
		{82A47DA4-F023-4188-9853-8BFE041509E2}.Release|x86.ActiveCfg = Release|Any CPU
		{82A47DA4-F023-4188-9853-8BFE041509E2}.Release|x86.Build.0 = Release|Any CPU
		{A86901A0-6AAA-4E41-8736-D29C4B24925C}.Debug|Any CPU.ActiveCfg = Debug|Any CPU
		{A86901A0-6AAA-4E41-8736-D29C4B24925C}.Debug|Any CPU.Build.0 = Debug|Any CPU
		{A86901A0-6AAA-4E41-8736-D29C4B24925C}.Debug|x64.ActiveCfg = Debug|Any CPU
		{A86901A0-6AAA-4E41-8736-D29C4B24925C}.Debug|x64.Build.0 = Debug|Any CPU
		{A86901A0-6AAA-4E41-8736-D29C4B24925C}.Debug|x86.ActiveCfg = Debug|Any CPU
		{A86901A0-6AAA-4E41-8736-D29C4B24925C}.Debug|x86.Build.0 = Debug|Any CPU
		{A86901A0-6AAA-4E41-8736-D29C4B24925C}.Release|Any CPU.ActiveCfg = Release|Any CPU
		{A86901A0-6AAA-4E41-8736-D29C4B24925C}.Release|Any CPU.Build.0 = Release|Any CPU
		{A86901A0-6AAA-4E41-8736-D29C4B24925C}.Release|x64.ActiveCfg = Release|Any CPU
		{A86901A0-6AAA-4E41-8736-D29C4B24925C}.Release|x64.Build.0 = Release|Any CPU
		{A86901A0-6AAA-4E41-8736-D29C4B24925C}.Release|x86.ActiveCfg = Release|Any CPU
		{A86901A0-6AAA-4E41-8736-D29C4B24925C}.Release|x86.Build.0 = Release|Any CPU
		{867EAD59-F3ED-4EA3-ABAB-4E9982B6D3F6}.Debug|Any CPU.ActiveCfg = Debug|Any CPU
		{867EAD59-F3ED-4EA3-ABAB-4E9982B6D3F6}.Debug|Any CPU.Build.0 = Debug|Any CPU
		{867EAD59-F3ED-4EA3-ABAB-4E9982B6D3F6}.Debug|x64.ActiveCfg = Debug|Any CPU
		{867EAD59-F3ED-4EA3-ABAB-4E9982B6D3F6}.Debug|x64.Build.0 = Debug|Any CPU
		{867EAD59-F3ED-4EA3-ABAB-4E9982B6D3F6}.Debug|x86.ActiveCfg = Debug|Any CPU
		{867EAD59-F3ED-4EA3-ABAB-4E9982B6D3F6}.Debug|x86.Build.0 = Debug|Any CPU
		{867EAD59-F3ED-4EA3-ABAB-4E9982B6D3F6}.Release|Any CPU.ActiveCfg = Release|Any CPU
		{867EAD59-F3ED-4EA3-ABAB-4E9982B6D3F6}.Release|Any CPU.Build.0 = Release|Any CPU
		{867EAD59-F3ED-4EA3-ABAB-4E9982B6D3F6}.Release|x64.ActiveCfg = Release|Any CPU
		{867EAD59-F3ED-4EA3-ABAB-4E9982B6D3F6}.Release|x64.Build.0 = Release|Any CPU
		{867EAD59-F3ED-4EA3-ABAB-4E9982B6D3F6}.Release|x86.ActiveCfg = Release|Any CPU
		{867EAD59-F3ED-4EA3-ABAB-4E9982B6D3F6}.Release|x86.Build.0 = Release|Any CPU
		{B09C60D5-0555-4119-AA9F-D73BF1789438}.Debug|Any CPU.ActiveCfg = Debug|Any CPU
		{B09C60D5-0555-4119-AA9F-D73BF1789438}.Debug|Any CPU.Build.0 = Debug|Any CPU
		{B09C60D5-0555-4119-AA9F-D73BF1789438}.Debug|x64.ActiveCfg = Debug|Any CPU
		{B09C60D5-0555-4119-AA9F-D73BF1789438}.Debug|x64.Build.0 = Debug|Any CPU
		{B09C60D5-0555-4119-AA9F-D73BF1789438}.Debug|x86.ActiveCfg = Debug|Any CPU
		{B09C60D5-0555-4119-AA9F-D73BF1789438}.Debug|x86.Build.0 = Debug|Any CPU
		{B09C60D5-0555-4119-AA9F-D73BF1789438}.Release|Any CPU.ActiveCfg = Release|Any CPU
		{B09C60D5-0555-4119-AA9F-D73BF1789438}.Release|Any CPU.Build.0 = Release|Any CPU
		{B09C60D5-0555-4119-AA9F-D73BF1789438}.Release|x64.ActiveCfg = Release|Any CPU
		{B09C60D5-0555-4119-AA9F-D73BF1789438}.Release|x64.Build.0 = Release|Any CPU
		{B09C60D5-0555-4119-AA9F-D73BF1789438}.Release|x86.ActiveCfg = Release|Any CPU
		{B09C60D5-0555-4119-AA9F-D73BF1789438}.Release|x86.Build.0 = Release|Any CPU
	EndGlobalSection
EndGlobal
